{
  "name": "exportrandomskin",
  "lockfileVersion": 3,
  "requires": true,
  "packages": {
    "": {
      "name": "exportrandomskin",
      "dependencies": {
        "osu-files": "file:../.."
      }
    },
    "../..": {
      "version": "1.0.0",
      "license": "MIT",
      "dependencies": {
        "realm": "^20.1.0",
        "yauzl": "^3.4.0",
        "yazl": "^3.3.1"
      },
      "devDependencies": {
        "@types/node": "^26.1.1",
        "@types/yauzl": "^3.4.0",
        "@types/yazl": "^3.3.1",
        "tsx": "^4.23.1",
        "typescript": "^5.7.0"
      }
    },
    "node_modules/osu-files": {
      "resolved": "../..",
      "link": true
    }
  }
}
